
Microsoft Visual Studio Solution File, Format Version 12.00
# Visual Studio Version 17
VisualStudioVersion = 17.13.35828.75 d17.13
MinimumVisualStudioVersion = 10.0.40219.1
Project("{FAE04EC0-301F-11D3-BF4B-00C04F79EFBC}") = "QuanLyBenhvien", "QuanLyBenhvien\QuanLyBenhvien.csproj", "{418C40A6-5903-4D08-A5C3-EA205CC4AAB8}"
EndProject
Global
	GlobalSection(SolutionConfigurationPlatforms) = preSolution
		Debug|Any CPU = Debug|Any CPU
		Release|Any CPU = Release|Any CPU
	EndGlobalSection
	GlobalSection(ProjectConfigurationPlatforms) = postSolution
		{418C40A6-5903-4D08-A5C3-EA205CC4AAB8}.Debug|Any CPU.ActiveCfg = Debug|Any CPU
		{418C40A6-5903-4D08-A5C3-EA205CC4AAB8}.Debug|Any CPU.Build.0 = Debug|Any CPU
		{418C40A6-5903-4D08-A5C3-EA205CC4AAB8}.Release|Any CPU.ActiveCfg = Release|Any CPU
		{418C40A6-5903-4D08-A5C3-EA205CC4AAB8}.Release|Any CPU.Build.0 = Release|Any CPU
	EndGlobalSection
	GlobalSection(SolutionProperties) = preSolution
		HideSolutionNode = FALSE
	EndGlobalSection
	GlobalSection(ExtensibilityGlobals) = postSolution
		SolutionGuid = {9B77B9FE-7746-48EC-96F8-21CDEB9C9F2B}
	EndGlobalSection
EndGlobal
